{
  "version": "5",
  "specifiers": {
    "jsr:@raptor/framework@0.18": "0.18.0",
    "jsr:@std/assert@^1.0.19": "1.0.19",
    "jsr:@std/internal@^1.0.12": "1.0.12"
  },
  "jsr": {
    "@raptor/framework@0.18.0": {
      "integrity": "7fb023b6d327b71ab0a8c4d7f4b2c6ab0baa6b8c81f3680877c10020af041443"
    },
    "@std/assert@1.0.19": {
      "integrity": "eaada96ee120cb980bc47e040f82814d786fe8162ecc53c91d8df60b8755991e",
      "dependencies": [
        "jsr:@std/internal"
      ]
    },
    "@std/internal@1.0.12": {
      "integrity": "972a634fd5bc34b242024402972cd5143eac68d8dffaca5eaa4dba30ce17b027"
    }
  },
  "workspace": {
    "dependencies": [
      "jsr:@raptor/framework@0.18",
      "jsr:@std/assert@^1.0.19"
    ]
  }
}
